
Microsoft Visual Studio Solution File, Format Version 12.00
# Visual Studio Version 17
VisualStudioVersion = 17.12.35323.107
MinimumVisualStudioVersion = 10.0.40219.1
Project("{FAE04EC0-301F-11D3-BF4B-00C04F79EFBC}") = "Taller3_API_Rest", "Taller3_API_Rest\Taller3_API_Rest.csproj", "{A83D2AC4-922B-4012-B595-18D58D8C25B9}"
EndProject
Global
	GlobalSection(SolutionConfigurationPlatforms) = preSolution
		Debug|Any CPU = Debug|Any CPU
		Release|Any CPU = Release|Any CPU
	EndGlobalSection
	GlobalSection(ProjectConfigurationPlatforms) = postSolution
		{A83D2AC4-922B-4012-B595-18D58D8C25B9}.Debug|Any CPU.ActiveCfg = Debug|Any CPU
		{A83D2AC4-922B-4012-B595-18D58D8C25B9}.Debug|Any CPU.Build.0 = Debug|Any CPU
		{A83D2AC4-922B-4012-B595-18D58D8C25B9}.Release|Any CPU.ActiveCfg = Release|Any CPU
		{A83D2AC4-922B-4012-B595-18D58D8C25B9}.Release|Any CPU.Build.0 = Release|Any CPU
	EndGlobalSection
	GlobalSection(SolutionProperties) = preSolution
		HideSolutionNode = FALSE
	EndGlobalSection
	GlobalSection(ExtensibilityGlobals) = postSolution
		SolutionGuid = {0C2BF303-9A90-4BCD-9B65-730F6E8523D9}
	EndGlobalSection
EndGlobal
